
Microsoft Visual Studio Solution File, Format Version 12.00
# Visual Studio Version 17
VisualStudioVersion = 17.1.32210.238
MinimumVisualStudioVersion = 10.0.40219.1
Project("{FAE04EC0-301F-11D3-BF4B-00C04F79EFBC}") = "Actividad1", "Actividad1\Actividad1.csproj", "{5786C5FF-FE99-4D54-9B6A-326001386D08}"
EndProject
Global
	GlobalSection(SolutionConfigurationPlatforms) = preSolution
		Debug|Any CPU = Debug|Any CPU
		Release|Any CPU = Release|Any CPU
	EndGlobalSection
	GlobalSection(ProjectConfigurationPlatforms) = postSolution
		{5786C5FF-FE99-4D54-9B6A-326001386D08}.Debug|Any CPU.ActiveCfg = Debug|Any CPU
		{5786C5FF-FE99-4D54-9B6A-326001386D08}.Debug|Any CPU.Build.0 = Debug|Any CPU
		{5786C5FF-FE99-4D54-9B6A-326001386D08}.Release|Any CPU.ActiveCfg = Release|Any CPU
		{5786C5FF-FE99-4D54-9B6A-326001386D08}.Release|Any CPU.Build.0 = Release|Any CPU
	EndGlobalSection
	GlobalSection(SolutionProperties) = preSolution
		HideSolutionNode = FALSE
	EndGlobalSection
	GlobalSection(ExtensibilityGlobals) = postSolution
		SolutionGuid = {792F40AE-908E-42C8-985A-DBC9F711C0C7}
	EndGlobalSection
EndGlobal
